
Microsoft Visual Studio Solution File, Format Version 12.00
# Visual Studio 15
VisualStudioVersion = 15.0.26430.12
MinimumVisualStudioVersion = 10.0.40219.1
Project("{FAE04EC0-301F-11D3-BF4B-00C04F79EFBC}") = "Zadatak2", "Zadatak2\Zadatak2.csproj", "{473BFA35-3E93-4859-9398-D01804E51114}"
EndProject
Global
	GlobalSection(SolutionConfigurationPlatforms) = preSolution
		Debug|Any CPU = Debug|Any CPU
		Release|Any CPU = Release|Any CPU
	EndGlobalSection
	GlobalSection(ProjectConfigurationPlatforms) = postSolution
		{473BFA35-3E93-4859-9398-D01804E51114}.Debug|Any CPU.ActiveCfg = Debug|Any CPU
		{473BFA35-3E93-4859-9398-D01804E51114}.Debug|Any CPU.Build.0 = Debug|Any CPU
		{473BFA35-3E93-4859-9398-D01804E51114}.Release|Any CPU.ActiveCfg = Release|Any CPU
		{473BFA35-3E93-4859-9398-D01804E51114}.Release|Any CPU.Build.0 = Release|Any CPU
	EndGlobalSection
	GlobalSection(SolutionProperties) = preSolution
		HideSolutionNode = FALSE
	EndGlobalSection
EndGlobal
